
Microsoft Visual Studio Solution File, Format Version 12.00
# Visual Studio Version 16
VisualStudioVersion = 16.0.29709.97
MinimumVisualStudioVersion = 10.0.40219.1
Project("{FAE04EC0-301F-11D3-BF4B-00C04F79EFBC}") = "SimpleCalculations", "SimpleCalculations\SimpleCalculations.csproj", "{AF53D74B-4415-44E5-92FC-88F5998A3D85}"
EndProject
Global
	GlobalSection(SolutionConfigurationPlatforms) = preSolution
		Debug|Any CPU = Debug|Any CPU
		Release|Any CPU = Release|Any CPU
	EndGlobalSection
	GlobalSection(ProjectConfigurationPlatforms) = postSolution
		{AF53D74B-4415-44E5-92FC-88F5998A3D85}.Debug|Any CPU.ActiveCfg = Debug|Any CPU
		{AF53D74B-4415-44E5-92FC-88F5998A3D85}.Debug|Any CPU.Build.0 = Debug|Any CPU
		{AF53D74B-4415-44E5-92FC-88F5998A3D85}.Release|Any CPU.ActiveCfg = Release|Any CPU
		{AF53D74B-4415-44E5-92FC-88F5998A3D85}.Release|Any CPU.Build.0 = Release|Any CPU
	EndGlobalSection
	GlobalSection(SolutionProperties) = preSolution
		HideSolutionNode = FALSE
	EndGlobalSection
	GlobalSection(ExtensibilityGlobals) = postSolution
		SolutionGuid = {C24FC3FF-CED6-4C25-AD9D-EB98767B9203}
	EndGlobalSection
EndGlobal
