
Microsoft Visual Studio Solution File, Format Version 12.00
# Visual Studio Version 16
VisualStudioVersion = 16.0.29709.97
MinimumVisualStudioVersion = 10.0.40219.1
Project("{9A19103F-16F7-4668-BE54-9A1E7A4F7556}") = "06.VetParking", "ProgrammingBasicsOnlineRetakeExam-2and3May2019\06.VetParking.csproj", "{D95AE3A1-05E9-4682-A5C8-EF7EB3C9BA93}"
EndProject
Project("{9A19103F-16F7-4668-BE54-9A1E7A4F7556}") = "05.divisionWithoutReminder", "05.divisionWithoutReminder\05.divisionWithoutReminder.csproj", "{1DA96745-A1DE-4CA5-843F-059A64E5CA90}"
EndProject
Project("{FAE04EC0-301F-11D3-BF4B-00C04F79EFBC}") = "04.TouristShop", "04.TouristShop\04.TouristShop.csproj", "{F46BED69-E77E-43FF-B7C4-4AFE9F00137B}"
EndProject
Global
	GlobalSection(SolutionConfigurationPlatforms) = preSolution
		Debug|Any CPU = Debug|Any CPU
		Release|Any CPU = Release|Any CPU
	EndGlobalSection
	GlobalSection(ProjectConfigurationPlatforms) = postSolution
		{D95AE3A1-05E9-4682-A5C8-EF7EB3C9BA93}.Debug|Any CPU.ActiveCfg = Debug|Any CPU
		{D95AE3A1-05E9-4682-A5C8-EF7EB3C9BA93}.Debug|Any CPU.Build.0 = Debug|Any CPU
		{D95AE3A1-05E9-4682-A5C8-EF7EB3C9BA93}.Release|Any CPU.ActiveCfg = Release|Any CPU
		{D95AE3A1-05E9-4682-A5C8-EF7EB3C9BA93}.Release|Any CPU.Build.0 = Release|Any CPU
		{1DA96745-A1DE-4CA5-843F-059A64E5CA90}.Debug|Any CPU.ActiveCfg = Debug|Any CPU
		{1DA96745-A1DE-4CA5-843F-059A64E5CA90}.Debug|Any CPU.Build.0 = Debug|Any CPU
		{1DA96745-A1DE-4CA5-843F-059A64E5CA90}.Release|Any CPU.ActiveCfg = Release|Any CPU
		{1DA96745-A1DE-4CA5-843F-059A64E5CA90}.Release|Any CPU.Build.0 = Release|Any CPU
		{F46BED69-E77E-43FF-B7C4-4AFE9F00137B}.Debug|Any CPU.ActiveCfg = Debug|Any CPU
		{F46BED69-E77E-43FF-B7C4-4AFE9F00137B}.Debug|Any CPU.Build.0 = Debug|Any CPU
		{F46BED69-E77E-43FF-B7C4-4AFE9F00137B}.Release|Any CPU.ActiveCfg = Release|Any CPU
		{F46BED69-E77E-43FF-B7C4-4AFE9F00137B}.Release|Any CPU.Build.0 = Release|Any CPU
	EndGlobalSection
	GlobalSection(SolutionProperties) = preSolution
		HideSolutionNode = FALSE
	EndGlobalSection
	GlobalSection(ExtensibilityGlobals) = postSolution
		SolutionGuid = {DAED92C2-7B60-47B2-9D18-17324DCC17D3}
	EndGlobalSection
EndGlobal
