
Microsoft Visual Studio Solution File, Format Version 12.00
# Visual Studio Version 16
VisualStudioVersion = 16.0.29709.97
MinimumVisualStudioVersion = 10.0.40219.1
Project("{9A19103F-16F7-4668-BE54-9A1E7A4F7556}") = "01.PipesInpool", "MoreExConditionalStatements\01.PipesInpool.csproj", "{10866589-3F02-4A8A-AF17-E31E8F732581}"
EndProject
Project("{9A19103F-16F7-4668-BE54-9A1E7A4F7556}") = "02. Sleepy Tom Cat", "02. Sleepy Tom Cat\02. Sleepy Tom Cat.csproj", "{2C29E7BE-26C3-4881-8A78-D5526788F640}"
EndProject
Project("{FAE04EC0-301F-11D3-BF4B-00C04F79EFBC}") = "03. Harvest", "03. Harvest\03. Harvest.csproj", "{EEB81725-4223-4538-977C-C08B6B014BD8}"
EndProject
Project("{FAE04EC0-301F-11D3-BF4B-00C04F79EFBC}") = "04. Transport Price", "04. Transport Price\04. Transport Price.csproj", "{46D13289-DBC4-4AD7-909B-0CFB01A1E5C7}"
EndProject
Global
	GlobalSection(SolutionConfigurationPlatforms) = preSolution
		Debug|Any CPU = Debug|Any CPU
		Release|Any CPU = Release|Any CPU
	EndGlobalSection
	GlobalSection(ProjectConfigurationPlatforms) = postSolution
		{10866589-3F02-4A8A-AF17-E31E8F732581}.Debug|Any CPU.ActiveCfg = Debug|Any CPU
		{10866589-3F02-4A8A-AF17-E31E8F732581}.Debug|Any CPU.Build.0 = Debug|Any CPU
		{10866589-3F02-4A8A-AF17-E31E8F732581}.Release|Any CPU.ActiveCfg = Release|Any CPU
		{10866589-3F02-4A8A-AF17-E31E8F732581}.Release|Any CPU.Build.0 = Release|Any CPU
		{2C29E7BE-26C3-4881-8A78-D5526788F640}.Debug|Any CPU.ActiveCfg = Debug|Any CPU
		{2C29E7BE-26C3-4881-8A78-D5526788F640}.Debug|Any CPU.Build.0 = Debug|Any CPU
		{2C29E7BE-26C3-4881-8A78-D5526788F640}.Release|Any CPU.ActiveCfg = Release|Any CPU
		{2C29E7BE-26C3-4881-8A78-D5526788F640}.Release|Any CPU.Build.0 = Release|Any CPU
		{EEB81725-4223-4538-977C-C08B6B014BD8}.Debug|Any CPU.ActiveCfg = Debug|Any CPU
		{EEB81725-4223-4538-977C-C08B6B014BD8}.Debug|Any CPU.Build.0 = Debug|Any CPU
		{EEB81725-4223-4538-977C-C08B6B014BD8}.Release|Any CPU.ActiveCfg = Release|Any CPU
		{EEB81725-4223-4538-977C-C08B6B014BD8}.Release|Any CPU.Build.0 = Release|Any CPU
		{46D13289-DBC4-4AD7-909B-0CFB01A1E5C7}.Debug|Any CPU.ActiveCfg = Debug|Any CPU
		{46D13289-DBC4-4AD7-909B-0CFB01A1E5C7}.Debug|Any CPU.Build.0 = Debug|Any CPU
		{46D13289-DBC4-4AD7-909B-0CFB01A1E5C7}.Release|Any CPU.ActiveCfg = Release|Any CPU
		{46D13289-DBC4-4AD7-909B-0CFB01A1E5C7}.Release|Any CPU.Build.0 = Release|Any CPU
	EndGlobalSection
	GlobalSection(SolutionProperties) = preSolution
		HideSolutionNode = FALSE
	EndGlobalSection
	GlobalSection(ExtensibilityGlobals) = postSolution
		SolutionGuid = {5A628FF6-20BE-4010-8CC4-19F1C6142F2D}
	EndGlobalSection
EndGlobal
