
Microsoft Visual Studio Solution File, Format Version 12.00
# Visual Studio Version 16
VisualStudioVersion = 16.0.29709.97
MinimumVisualStudioVersion = 10.0.40219.1
Project("{FAE04EC0-301F-11D3-BF4B-00C04F79EFBC}") = "05.easterEggs", "ProgrammingBasicsOnlineExam 20and21April2019\05.easterEggs.csproj", "{499C9F3A-E45C-41BC-803A-C135977C9E9B}"
EndProject
Project("{FAE04EC0-301F-11D3-BF4B-00C04F79EFBC}") = "02.EasterParty", "02.EasterParty\02.EasterParty.csproj", "{C7A87E8F-D3EB-44F6-8053-6498EC32215D}"
EndProject
Project("{FAE04EC0-301F-11D3-BF4B-00C04F79EFBC}") = "02.EasterGuests", "02.EasterGuests\02.EasterGuests.csproj", "{E371ADBF-352A-4BBA-8316-CAC8268EE2DF}"
EndProject
Global
	GlobalSection(SolutionConfigurationPlatforms) = preSolution
		Debug|Any CPU = Debug|Any CPU
		Release|Any CPU = Release|Any CPU
	EndGlobalSection
	GlobalSection(ProjectConfigurationPlatforms) = postSolution
		{499C9F3A-E45C-41BC-803A-C135977C9E9B}.Debug|Any CPU.ActiveCfg = Debug|Any CPU
		{499C9F3A-E45C-41BC-803A-C135977C9E9B}.Debug|Any CPU.Build.0 = Debug|Any CPU
		{499C9F3A-E45C-41BC-803A-C135977C9E9B}.Release|Any CPU.ActiveCfg = Release|Any CPU
		{499C9F3A-E45C-41BC-803A-C135977C9E9B}.Release|Any CPU.Build.0 = Release|Any CPU
		{C7A87E8F-D3EB-44F6-8053-6498EC32215D}.Debug|Any CPU.ActiveCfg = Debug|Any CPU
		{C7A87E8F-D3EB-44F6-8053-6498EC32215D}.Debug|Any CPU.Build.0 = Debug|Any CPU
		{C7A87E8F-D3EB-44F6-8053-6498EC32215D}.Release|Any CPU.ActiveCfg = Release|Any CPU
		{C7A87E8F-D3EB-44F6-8053-6498EC32215D}.Release|Any CPU.Build.0 = Release|Any CPU
		{E371ADBF-352A-4BBA-8316-CAC8268EE2DF}.Debug|Any CPU.ActiveCfg = Debug|Any CPU
		{E371ADBF-352A-4BBA-8316-CAC8268EE2DF}.Debug|Any CPU.Build.0 = Debug|Any CPU
		{E371ADBF-352A-4BBA-8316-CAC8268EE2DF}.Release|Any CPU.ActiveCfg = Release|Any CPU
		{E371ADBF-352A-4BBA-8316-CAC8268EE2DF}.Release|Any CPU.Build.0 = Release|Any CPU
	EndGlobalSection
	GlobalSection(SolutionProperties) = preSolution
		HideSolutionNode = FALSE
	EndGlobalSection
	GlobalSection(ExtensibilityGlobals) = postSolution
		SolutionGuid = {CDF4DDB9-0E49-45E6-97B2-364214ED5EAC}
	EndGlobalSection
EndGlobal
